
Microsoft Visual Studio Solution File, Format Version 12.00
# Visual Studio Version 17
VisualStudioVersion = 17.11.35312.102
MinimumVisualStudioVersion = 10.0.40219.1
Project("{8BC9CEB8-8B4A-11D0-8D11-00A0C91BC942}") = "bank", "bank.vcxproj", "{2F49AC71-D4AC-42DC-A554-9D5D1EBD2BC4}"
EndProject
Global
	GlobalSection(SolutionConfigurationPlatforms) = preSolution
		Debug|x64 = Debug|x64
		Debug|x86 = Debug|x86
		Release|x64 = Release|x64
		Release|x86 = Release|x86
	EndGlobalSection
	GlobalSection(ProjectConfigurationPlatforms) = postSolution
		{2F49AC71-D4AC-42DC-A554-9D5D1EBD2BC4}.Debug|x64.ActiveCfg = Debug|x64
		{2F49AC71-D4AC-42DC-A554-9D5D1EBD2BC4}.Debug|x64.Build.0 = Debug|x64
		{2F49AC71-D4AC-42DC-A554-9D5D1EBD2BC4}.Debug|x86.ActiveCfg = Debug|Win32
		{2F49AC71-D4AC-42DC-A554-9D5D1EBD2BC4}.Debug|x86.Build.0 = Debug|Win32
		{2F49AC71-D4AC-42DC-A554-9D5D1EBD2BC4}.Release|x64.ActiveCfg = Release|x64
		{2F49AC71-D4AC-42DC-A554-9D5D1EBD2BC4}.Release|x64.Build.0 = Release|x64
		{2F49AC71-D4AC-42DC-A554-9D5D1EBD2BC4}.Release|x86.ActiveCfg = Release|Win32
		{2F49AC71-D4AC-42DC-A554-9D5D1EBD2BC4}.Release|x86.Build.0 = Release|Win32
	EndGlobalSection
	GlobalSection(SolutionProperties) = preSolution
		HideSolutionNode = FALSE
	EndGlobalSection
	GlobalSection(ExtensibilityGlobals) = postSolution
		SolutionGuid = {0F279FDA-1636-4913-A46E-E85986A8D71F}
	EndGlobalSection
EndGlobal
